
Microsoft Visual Studio Solution File, Format Version 12.00
# Visual Studio Version 16
VisualStudioVersion = 25.0.1705.4
MinimumVisualStudioVersion = 10.0.40219.1
Project("{FAE04EC0-301F-11D3-BF4B-00C04F79EFBC}") = "CaseStudy", "CaseStudy\CaseStudy.csproj", "{1A4F8F48-3460-4F7E-BA78-DF59E263E40E}"
EndProject
Global
	GlobalSection(SolutionConfigurationPlatforms) = preSolution
		Debug|Any CPU = Debug|Any CPU
		Release|Any CPU = Release|Any CPU
	EndGlobalSection
	GlobalSection(ProjectConfigurationPlatforms) = postSolution
		{1A4F8F48-3460-4F7E-BA78-DF59E263E40E}.Debug|Any CPU.ActiveCfg = Debug|Any CPU
		{1A4F8F48-3460-4F7E-BA78-DF59E263E40E}.Debug|Any CPU.Build.0 = Debug|Any CPU
		{1A4F8F48-3460-4F7E-BA78-DF59E263E40E}.Release|Any CPU.ActiveCfg = Release|Any CPU
		{1A4F8F48-3460-4F7E-BA78-DF59E263E40E}.Release|Any CPU.Build.0 = Release|Any CPU
	EndGlobalSection
	GlobalSection(SolutionProperties) = preSolution
		HideSolutionNode = FALSE
	EndGlobalSection
	GlobalSection(ExtensibilityGlobals) = postSolution
		SolutionGuid = {35848C7F-5B64-4B54-8109-4204D147C6BB}
	EndGlobalSection
EndGlobal
